
Microsoft Visual Studio Solution File, Format Version 12.00
# Visual Studio Version 17
VisualStudioVersion = 17.3.32811.315
MinimumVisualStudioVersion = 10.0.40219.1
Project("{FAE04EC0-301F-11D3-BF4B-00C04F79EFBC}") = "ConsoleApp2", "ConsoleApp2.csproj", "{388B1D02-57E0-4E42-9AC4-0DD1847443EF}"
EndProject
Global
	GlobalSection(SolutionConfigurationPlatforms) = preSolution
		Debug|Any CPU = Debug|Any CPU
		Release|Any CPU = Release|Any CPU
	EndGlobalSection
	GlobalSection(ProjectConfigurationPlatforms) = postSolution
		{388B1D02-57E0-4E42-9AC4-0DD1847443EF}.Debug|Any CPU.ActiveCfg = Debug|Any CPU
		{388B1D02-57E0-4E42-9AC4-0DD1847443EF}.Debug|Any CPU.Build.0 = Debug|Any CPU
		{388B1D02-57E0-4E42-9AC4-0DD1847443EF}.Release|Any CPU.ActiveCfg = Release|Any CPU
		{388B1D02-57E0-4E42-9AC4-0DD1847443EF}.Release|Any CPU.Build.0 = Release|Any CPU
	EndGlobalSection
	GlobalSection(SolutionProperties) = preSolution
		HideSolutionNode = FALSE
	EndGlobalSection
	GlobalSection(ExtensibilityGlobals) = postSolution
		SolutionGuid = {844376A1-26F7-449E-9E07-E00DDD56283C}
	EndGlobalSection
EndGlobal
