
Microsoft Visual Studio Solution File, Format Version 12.00
# Visual Studio Version 17
VisualStudioVersion = 17.3.32811.315
MinimumVisualStudioVersion = 10.0.40219.1
Project("{FAE04EC0-301F-11D3-BF4B-00C04F79EFBC}") = "ConsoleApp1", "ConsoleApp1.csproj", "{D0F2C5EF-1258-4539-B9E6-07C94D3D737B}"
EndProject
Global
	GlobalSection(SolutionConfigurationPlatforms) = preSolution
		Debug|Any CPU = Debug|Any CPU
		Release|Any CPU = Release|Any CPU
	EndGlobalSection
	GlobalSection(ProjectConfigurationPlatforms) = postSolution
		{D0F2C5EF-1258-4539-B9E6-07C94D3D737B}.Debug|Any CPU.ActiveCfg = Debug|Any CPU
		{D0F2C5EF-1258-4539-B9E6-07C94D3D737B}.Debug|Any CPU.Build.0 = Debug|Any CPU
		{D0F2C5EF-1258-4539-B9E6-07C94D3D737B}.Release|Any CPU.ActiveCfg = Release|Any CPU
		{D0F2C5EF-1258-4539-B9E6-07C94D3D737B}.Release|Any CPU.Build.0 = Release|Any CPU
	EndGlobalSection
	GlobalSection(SolutionProperties) = preSolution
		HideSolutionNode = FALSE
	EndGlobalSection
	GlobalSection(ExtensibilityGlobals) = postSolution
		SolutionGuid = {79B0D2C7-5E64-45B9-A371-14E185FAAA98}
	EndGlobalSection
EndGlobal
